# This file is generated by running "yarn install" inside your project.
# Manual changes might be lost - proceed with caution!

__metadata:
  version: 7
  cacheKey: 9

"@primer/primitives@npm:^7.10.0":
  version: 7.10.0
  resolution: "@primer/primitives@npm:7.10.0"
  checksum: 36689d269527dafb705933737a976d7b2a6338adb8001dd987adf70f8f65dceade1380d66b0fc48e2152fe64c972334f6f347c00a422a9a532271980b2a3a311
  languageName: node
  linkType: hard

"chroma-js@npm:^2.4.2":
  version: 2.4.2
  resolution: "chroma-js@npm:2.4.2"
  checksum: ae03c91017ce9676ec20c31ee99f1a3800491a553fed2896d77c6263f744bfe4807df7da96482e054b1ce6063b8ba11762259f3d6d442c322cf867cb3e65f6f0
  languageName: node
  linkType: hard

"hyper-theme-github@workspace:.":
  version: 0.0.0-use.local
  resolution: "hyper-theme-github@workspace:."
  dependencies:
    "@primer/primitives": "npm:^7.10.0"
    chroma-js: "npm:^2.4.2"
    prettier: "npm:^2.7.1"
  languageName: unknown
  linkType: soft

"prettier@npm:^2.7.1":
  version: 2.7.1
  resolution: "prettier@npm:2.7.1"
  bin:
    prettier: bin-prettier.js
  checksum: d2cd7adc83b4f3eb86ab665fa76c58fb3c60c879b37e6d858f71a9d97d2091d4c8a7fe92ad6a1dfa211832025e3660635df9c5e27b3ef79c99d431923bdf933b
  languageName: node
  linkType: hard
