# This file is generated by running "yarn install" inside your project.
# Manual changes might be lost - proceed with caution!

__metadata:
  version: 7
  cacheKey: 9

"@primer/primitives@npm:^7.10.0":
  version: 7.10.0
  resolution: "@primer/primitives@npm:7.10.0"
  checksum: 36689d269527dafb705933737a976d7b2a6338adb8001dd987adf70f8f65dceade1380d66b0fc48e2152fe64c972334f6f347c00a422a9a532271980b2a3a311
  languageName: node
  linkType: hard

"chroma-js@npm:^2.4.2":
  version: 2.4.2
  resolution: "chroma-js@npm:2.4.2"
  checksum: ae03c91017ce9676ec20c31ee99f1a3800491a553fed2896d77c6263f744bfe4807df7da96482e054b1ce6063b8ba11762259f3d6d442c322cf867cb3e65f6f0
  languageName: node
  linkType: hard

"hyper-theme-github@workspace:.":
  version: 0.0.0-use.local
  resolution: "hyper-theme-github@workspace:."
  dependencies:
    "@primer/primitives": "npm:^7.10.0"
    chroma-js: "npm:^2.4.2"
    prettier: "npm:^2.8.0"
  languageName: unknown
  linkType: soft

"prettier@npm:^2.8.0":
  version: 2.8.0
  resolution: "prettier@npm:2.8.0"
  bin:
    prettier: bin-prettier.js
  checksum: c95699326db607eac7f63274d38ca9c21462fa538fb69cf06cb3be2122f2d53daa02f96f69cffa985af852a95c6211472ddf3798dbdb2f20c520aded15f78684
  languageName: node
  linkType: hard
